
Microsoft Visual Studio Solution File, Format Version 12.00
# Visual Studio 15
VisualStudioVersion = 15.0.28307.438
MinimumVisualStudioVersion = 10.0.40219.1
Project("{FAE04EC0-301F-11D3-BF4B-00C04F79EFBC}") = "Bank", "Bank\Bank.csproj", "{BF796717-EB04-454A-A114-A11B1A7DC879}"
EndProject
Global
	GlobalSection(SolutionConfigurationPlatforms) = preSolution
		Debug|Any CPU = Debug|Any CPU
		Release|Any CPU = Release|Any CPU
	EndGlobalSection
	GlobalSection(ProjectConfigurationPlatforms) = postSolution
		{BF796717-EB04-454A-A114-A11B1A7DC879}.Debug|Any CPU.ActiveCfg = Debug|Any CPU
		{BF796717-EB04-454A-A114-A11B1A7DC879}.Debug|Any CPU.Build.0 = Debug|Any CPU
		{BF796717-EB04-454A-A114-A11B1A7DC879}.Release|Any CPU.ActiveCfg = Release|Any CPU
		{BF796717-EB04-454A-A114-A11B1A7DC879}.Release|Any CPU.Build.0 = Release|Any CPU
	EndGlobalSection
	GlobalSection(SolutionProperties) = preSolution
		HideSolutionNode = FALSE
	EndGlobalSection
	GlobalSection(ExtensibilityGlobals) = postSolution
		SolutionGuid = {598F708C-8603-4772-BFC0-9D62545A4397}
	EndGlobalSection
EndGlobal
